
Microsoft Visual Studio Solution File, Format Version 12.00
# Visual Studio Version 17
VisualStudioVersion = 17.11.35312.102
MinimumVisualStudioVersion = 10.0.40219.1
Project("{2150E333-8FDC-42A3-9474-1A3956D46DE8}") = "Adapters", "Adapters", "{79600545-4CC8-48D3-9A20-E980E43B7BE6}"
EndProject
Project("{9A19103F-16F7-4668-BE54-9A1E7A4F7556}") = "Sales.WebApi", "src\Sales.WebApi\Sales.WebApi.csproj", "{FC0908DF-B3D0-4554-A85A-2176499FA8A3}"
EndProject
Project("{9A19103F-16F7-4668-BE54-9A1E7A4F7556}") = "Sales.Domain", "src\Sales.Domain\Sales.Domain.csproj", "{64EE977C-DEA8-4412-ADDC-41B6C9634696}"
EndProject
Project("{9A19103F-16F7-4668-BE54-9A1E7A4F7556}") = "Sales.Data", "src\Sales.Data\Sales.Data.csproj", "{1BB3481D-56B7-4B54-944A-2CF62A13D038}"
EndProject
Project("{2150E333-8FDC-42A3-9474-1A3956D46DE8}") = "Driven", "Driven", "{DB749100-D1A9-46B0-93FB-49729E173BC9}"
EndProject
Project("{2150E333-8FDC-42A3-9474-1A3956D46DE8}") = "Drivers", "Drivers", "{87E7FAB5-61ED-4311-8D7F-261CB1317F91}"
EndProject
Project("{2150E333-8FDC-42A3-9474-1A3956D46DE8}") = "WebApi", "WebApi", "{7FFDF8C0-B4AE-48C2-8915-78EA7929660B}"
EndProject
Project("{2150E333-8FDC-42A3-9474-1A3956D46DE8}") = "Infrastructure", "Infrastructure", "{B0EBF0F1-B557-40DA-82F8-B4FD2D1FFC18}"
EndProject
Project("{2150E333-8FDC-42A3-9474-1A3956D46DE8}") = "Core", "Core", "{D63CEE3B-084B-406A-A99E-F4EE46E86D9B}"
EndProject
Project("{2150E333-8FDC-42A3-9474-1A3956D46DE8}") = "Tests", "Tests", "{605DE4FE-E827-4339-92F1-D8D4D06EB101}"
EndProject
Project("{2150E333-8FDC-42A3-9474-1A3956D46DE8}") = "Domain", "Domain", "{8DCE3307-B788-49DA-B161-680F72DBA63C}"
EndProject
Project("{2150E333-8FDC-42A3-9474-1A3956D46DE8}") = "Unit", "Unit", "{BC4376B3-2AAB-4287-BC21-B4C009F17255}"
EndProject
Project("{2150E333-8FDC-42A3-9474-1A3956D46DE8}") = "Solution Items", "Solution Items", "{7DBE212B-F333-42CA-BC9A-D72D2CFA8B62}"
EndProject
Project("{2150E333-8FDC-42A3-9474-1A3956D46DE8}") = "Aplication", "Aplication", "{A090E618-E441-4045-A3A0-583FDB63CE86}"
EndProject
Project("{FAE04EC0-301F-11D3-BF4B-00C04F79EFBC}") = "Sales.Tests", "tests\Sales.Tests\Sales.Tests.csproj", "{CB8C79EC-C69C-46A6-A1FD-C5AB9184E7D6}"
EndProject
Global
	GlobalSection(SolutionConfigurationPlatforms) = preSolution
		Debug|Any CPU = Debug|Any CPU
		Release|Any CPU = Release|Any CPU
	EndGlobalSection
	GlobalSection(ProjectConfigurationPlatforms) = postSolution
		{FC0908DF-B3D0-4554-A85A-2176499FA8A3}.Debug|Any CPU.ActiveCfg = Debug|Any CPU
		{FC0908DF-B3D0-4554-A85A-2176499FA8A3}.Debug|Any CPU.Build.0 = Debug|Any CPU
		{FC0908DF-B3D0-4554-A85A-2176499FA8A3}.Release|Any CPU.ActiveCfg = Release|Any CPU
		{FC0908DF-B3D0-4554-A85A-2176499FA8A3}.Release|Any CPU.Build.0 = Release|Any CPU
		{64EE977C-DEA8-4412-ADDC-41B6C9634696}.Debug|Any CPU.ActiveCfg = Debug|Any CPU
		{64EE977C-DEA8-4412-ADDC-41B6C9634696}.Debug|Any CPU.Build.0 = Debug|Any CPU
		{64EE977C-DEA8-4412-ADDC-41B6C9634696}.Release|Any CPU.ActiveCfg = Release|Any CPU
		{64EE977C-DEA8-4412-ADDC-41B6C9634696}.Release|Any CPU.Build.0 = Release|Any CPU
		{1BB3481D-56B7-4B54-944A-2CF62A13D038}.Debug|Any CPU.ActiveCfg = Debug|Any CPU
		{1BB3481D-56B7-4B54-944A-2CF62A13D038}.Debug|Any CPU.Build.0 = Debug|Any CPU
		{1BB3481D-56B7-4B54-944A-2CF62A13D038}.Release|Any CPU.ActiveCfg = Release|Any CPU
		{1BB3481D-56B7-4B54-944A-2CF62A13D038}.Release|Any CPU.Build.0 = Release|Any CPU
		{CB8C79EC-C69C-46A6-A1FD-C5AB9184E7D6}.Debug|Any CPU.ActiveCfg = Debug|Any CPU
		{CB8C79EC-C69C-46A6-A1FD-C5AB9184E7D6}.Debug|Any CPU.Build.0 = Debug|Any CPU
		{CB8C79EC-C69C-46A6-A1FD-C5AB9184E7D6}.Release|Any CPU.ActiveCfg = Release|Any CPU
		{CB8C79EC-C69C-46A6-A1FD-C5AB9184E7D6}.Release|Any CPU.Build.0 = Release|Any CPU
	EndGlobalSection
	GlobalSection(SolutionProperties) = preSolution
		HideSolutionNode = FALSE
	EndGlobalSection
	GlobalSection(NestedProjects) = preSolution
		{FC0908DF-B3D0-4554-A85A-2176499FA8A3} = {7FFDF8C0-B4AE-48C2-8915-78EA7929660B}
		{64EE977C-DEA8-4412-ADDC-41B6C9634696} = {8DCE3307-B788-49DA-B161-680F72DBA63C}
		{1BB3481D-56B7-4B54-944A-2CF62A13D038} = {B0EBF0F1-B557-40DA-82F8-B4FD2D1FFC18}
		{DB749100-D1A9-46B0-93FB-49729E173BC9} = {79600545-4CC8-48D3-9A20-E980E43B7BE6}
		{87E7FAB5-61ED-4311-8D7F-261CB1317F91} = {79600545-4CC8-48D3-9A20-E980E43B7BE6}
		{7FFDF8C0-B4AE-48C2-8915-78EA7929660B} = {87E7FAB5-61ED-4311-8D7F-261CB1317F91}
		{B0EBF0F1-B557-40DA-82F8-B4FD2D1FFC18} = {DB749100-D1A9-46B0-93FB-49729E173BC9}
		{8DCE3307-B788-49DA-B161-680F72DBA63C} = {D63CEE3B-084B-406A-A99E-F4EE46E86D9B}
		{BC4376B3-2AAB-4287-BC21-B4C009F17255} = {605DE4FE-E827-4339-92F1-D8D4D06EB101}
		{A090E618-E441-4045-A3A0-583FDB63CE86} = {D63CEE3B-084B-406A-A99E-F4EE46E86D9B}
		{CB8C79EC-C69C-46A6-A1FD-C5AB9184E7D6} = {BC4376B3-2AAB-4287-BC21-B4C009F17255}
	EndGlobalSection
	GlobalSection(ExtensibilityGlobals) = postSolution
		SolutionGuid = {5B4D9D97-B103-4F69-BE36-F09729D60FF5}
	EndGlobalSection
EndGlobal
